
Microsoft Visual Studio Solution File, Format Version 12.00
# Visual Studio 15
VisualStudioVersion = 15.0.27130.2020
MinimumVisualStudioVersion = 10.0.40219.1
Project("{E24C65DC-7377-472B-9ABA-BC803B73C61A}") = "Witcher", "Witcher\", "{AABDFA02-194F-4B23-877A-32D648ADFD0C}"
	ProjectSection(WebsiteProperties) = preProject
		TargetFrameworkMoniker = ".NETFramework,Version%3Dv4.6.1"
		Debug.AspNetCompiler.VirtualPath = "/localhost_54876"
		Debug.AspNetCompiler.PhysicalPath = "Witcher\"
		Debug.AspNetCompiler.TargetPath = "PrecompiledWeb\localhost_54876\"
		Debug.AspNetCompiler.Updateable = "true"
		Debug.AspNetCompiler.ForceOverwrite = "true"
		Debug.AspNetCompiler.FixedNames = "false"
		Debug.AspNetCompiler.Debug = "True"
		Release.AspNetCompiler.VirtualPath = "/localhost_54876"
		Release.AspNetCompiler.PhysicalPath = "Witcher\"
		Release.AspNetCompiler.TargetPath = "PrecompiledWeb\localhost_54876\"
		Release.AspNetCompiler.Updateable = "true"
		Release.AspNetCompiler.ForceOverwrite = "true"
		Release.AspNetCompiler.FixedNames = "false"
		Release.AspNetCompiler.Debug = "False"
		VWDPort = "54876"
		SlnRelativePath = "Witcher\"
		DefaultWebSiteLanguage = "Visual C#"
	EndProjectSection
EndProject
Global
	GlobalSection(SolutionConfigurationPlatforms) = preSolution
		Debug|Any CPU = Debug|Any CPU
	EndGlobalSection
	GlobalSection(ProjectConfigurationPlatforms) = postSolution
		{AABDFA02-194F-4B23-877A-32D648ADFD0C}.Debug|Any CPU.ActiveCfg = Debug|Any CPU
		{AABDFA02-194F-4B23-877A-32D648ADFD0C}.Debug|Any CPU.Build.0 = Debug|Any CPU
	EndGlobalSection
	GlobalSection(SolutionProperties) = preSolution
		HideSolutionNode = FALSE
	EndGlobalSection
	GlobalSection(ExtensibilityGlobals) = postSolution
		SolutionGuid = {834554ED-C585-4D2B-A3C6-AF0A8ADBF9D3}
	EndGlobalSection
EndGlobal
